
Microsoft Visual Studio Solution File, Format Version 12.00
# Visual Studio Version 16
VisualStudioVersion = 16.0.29306.81
MinimumVisualStudioVersion = 10.0.40219.1
Project("{FAE04EC0-301F-11D3-BF4B-00C04F79EFBC}") = "CRICKET MANAGEMENT DATABASE", "CRICKET MANAGEMENT DATABASE\CRICKET MANAGEMENT DATABASE.csproj", "{ED47677E-4903-42D6-94D7-73EA975FD1A2}"
EndProject
Global
	GlobalSection(SolutionConfigurationPlatforms) = preSolution
		Debug|Any CPU = Debug|Any CPU
		Release|Any CPU = Release|Any CPU
	EndGlobalSection
	GlobalSection(ProjectConfigurationPlatforms) = postSolution
		{ED47677E-4903-42D6-94D7-73EA975FD1A2}.Debug|Any CPU.ActiveCfg = Debug|Any CPU
		{ED47677E-4903-42D6-94D7-73EA975FD1A2}.Debug|Any CPU.Build.0 = Debug|Any CPU
		{ED47677E-4903-42D6-94D7-73EA975FD1A2}.Release|Any CPU.ActiveCfg = Release|Any CPU
		{ED47677E-4903-42D6-94D7-73EA975FD1A2}.Release|Any CPU.Build.0 = Release|Any CPU
	EndGlobalSection
	GlobalSection(SolutionProperties) = preSolution
		HideSolutionNode = FALSE
	EndGlobalSection
	GlobalSection(ExtensibilityGlobals) = postSolution
		SolutionGuid = {4952E7D3-C573-4023-BC93-CCC61721C6A1}
	EndGlobalSection
EndGlobal
